
Microsoft Visual Studio Solution File, Format Version 12.00
# Visual Studio Version 17
VisualStudioVersion = 17.12.35527.113
MinimumVisualStudioVersion = 10.0.40219.1
Project("{FAE04EC0-301F-11D3-BF4B-00C04F79EFBC}") = "COMMS", "COMMS\COMMS.csproj", "{73BEA8B8-C024-40D7-A285-F4CE0F742131}"
EndProject
Project("{FAE04EC0-301F-11D3-BF4B-00C04F79EFBC}") = "COMMSMVC", "COMMSMVC\COMMSMVC.csproj", "{EBC2C105-117D-4997-B5D2-18C846A11EC1}"
EndProject
Project("{FAE04EC0-301F-11D3-BF4B-00C04F79EFBC}") = "COMMSWebAPI", "COMMSWebAPI\COMMSWebAPI.csproj", "{6F73900B-052E-4906-A3DC-64D507336EDD}"
EndProject
Global
	GlobalSection(SolutionConfigurationPlatforms) = preSolution
		Debug|Any CPU = Debug|Any CPU
		Release|Any CPU = Release|Any CPU
	EndGlobalSection
	GlobalSection(ProjectConfigurationPlatforms) = postSolution
		{73BEA8B8-C024-40D7-A285-F4CE0F742131}.Debug|Any CPU.ActiveCfg = Debug|Any CPU
		{73BEA8B8-C024-40D7-A285-F4CE0F742131}.Debug|Any CPU.Build.0 = Debug|Any CPU
		{73BEA8B8-C024-40D7-A285-F4CE0F742131}.Release|Any CPU.ActiveCfg = Release|Any CPU
		{73BEA8B8-C024-40D7-A285-F4CE0F742131}.Release|Any CPU.Build.0 = Release|Any CPU
		{EBC2C105-117D-4997-B5D2-18C846A11EC1}.Debug|Any CPU.ActiveCfg = Debug|Any CPU
		{EBC2C105-117D-4997-B5D2-18C846A11EC1}.Debug|Any CPU.Build.0 = Debug|Any CPU
		{EBC2C105-117D-4997-B5D2-18C846A11EC1}.Release|Any CPU.ActiveCfg = Release|Any CPU
		{EBC2C105-117D-4997-B5D2-18C846A11EC1}.Release|Any CPU.Build.0 = Release|Any CPU
		{6F73900B-052E-4906-A3DC-64D507336EDD}.Debug|Any CPU.ActiveCfg = Debug|Any CPU
		{6F73900B-052E-4906-A3DC-64D507336EDD}.Debug|Any CPU.Build.0 = Debug|Any CPU
		{6F73900B-052E-4906-A3DC-64D507336EDD}.Release|Any CPU.ActiveCfg = Release|Any CPU
		{6F73900B-052E-4906-A3DC-64D507336EDD}.Release|Any CPU.Build.0 = Release|Any CPU
	EndGlobalSection
	GlobalSection(SolutionProperties) = preSolution
		HideSolutionNode = FALSE
	EndGlobalSection
EndGlobal
